speakeasyVersion: 1.774.0
sources:
    Conduct an audit:
        sourceNamespace: conduct-an-audit
        sourceRevisionDigest: sha256:54d4607dbfeb243d1b378b04df73ee91b1e0e47114497e981c7ebcf92cfa5dd7
        sourceBlobDigest: sha256:d29aa58f42b7930705add0bd87c8375cb396fdfb517a7b9edac50ec602e24b4b
        tags:
            - latest
            - 1.0.0
targets:
    vanta:
        source: Conduct an audit
        sourceNamespace: conduct-an-audit
        sourceRevisionDigest: sha256:54d4607dbfeb243d1b378b04df73ee91b1e0e47114497e981c7ebcf92cfa5dd7
        sourceBlobDigest: sha256:d29aa58f42b7930705add0bd87c8375cb396fdfb517a7b9edac50ec602e24b4b
        codeSamplesNamespace: conduct-an-audit-java-code-samples
        codeSamplesRevisionDigest: sha256:42b9e4d11989642e5db3c4f824653764e05445664f65c0a8e0ed5c8bfa96e03b
workflow:
    workflowVersion: 1.0.0
    speakeasyVersion: latest
    sources:
        Conduct an audit:
            inputs:
                - location: https://vanta.mintlify.app/reference/auditor-api.json
            overlays:
                - location: .speakeasy/speakeasy-modifications-overlay.yaml
            registry:
                location: registry.speakeasyapi.dev/vanta/vanta/conduct-an-audit
    targets:
        vanta:
            target: java
            source: Conduct an audit
            publish:
                java:
                    ossrhUsername: $ossrh_username
                    ossrhPassword: $ossrh_password
                    gpgSecretKey: $java_gpg_secret_key
                    gpgPassPhrase: $java_gpg_passphrase
            codeSamples:
                registry:
                    location: registry.speakeasyapi.dev/vanta/vanta/conduct-an-audit-java-code-samples
                blocking: false
