speakeasyVersion: 1.768.2
sources:
    Conduct an audit:
        sourceNamespace: conduct-an-audit
        sourceRevisionDigest: sha256:5f68cd7cb0522c76a193975c24c7d434b15ae5e1eee74eba050f3a71b7320d62
        sourceBlobDigest: sha256:e6ffdbee52fcad181c58b6293d238360b042a2b57ec5184d7f515f2c66d91419
        tags:
            - latest
            - 1.0.0
targets:
    vanta:
        source: Conduct an audit
        sourceNamespace: conduct-an-audit
        sourceRevisionDigest: sha256:5f68cd7cb0522c76a193975c24c7d434b15ae5e1eee74eba050f3a71b7320d62
        sourceBlobDigest: sha256:e6ffdbee52fcad181c58b6293d238360b042a2b57ec5184d7f515f2c66d91419
        codeSamplesNamespace: conduct-an-audit-java-code-samples
        codeSamplesRevisionDigest: sha256:fde35e3c1f62d6fb6900a3e52d1566e296260b6db1890538deea89b7651aa6ec
workflow:
    workflowVersion: 1.0.0
    speakeasyVersion: latest
    sources:
        Conduct an audit:
            inputs:
                - location: https://vanta.mintlify.app/reference/auditor-api.json
            overlays:
                - location: .speakeasy/speakeasy-modifications-overlay.yaml
            registry:
                location: registry.speakeasyapi.dev/vanta/vanta/conduct-an-audit
    targets:
        vanta:
            target: java
            source: Conduct an audit
            publish:
                java:
                    ossrhUsername: $ossrh_username
                    ossrhPassword: $ossrh_password
                    gpgSecretKey: $java_gpg_secret_key
                    gpgPassPhrase: $java_gpg_passphrase
            codeSamples:
                registry:
                    location: registry.speakeasyapi.dev/vanta/vanta/conduct-an-audit-java-code-samples
                blocking: false
