speakeasyVersion: 1.791.0
sources:
    Conduct an audit:
        sourceNamespace: conduct-an-audit
        sourceRevisionDigest: sha256:2ab3cef23185c40e15e90168e885a5d8931c6e0ecd23f89492d9091afe4da72e
        sourceBlobDigest: sha256:c48818a17b363712a62cc5e36940243f6e9525d4dcb68aab61493540ad78da25
        tags:
            - latest
            - 1.0.0
targets:
    vanta:
        source: Conduct an audit
        sourceNamespace: conduct-an-audit
        sourceRevisionDigest: sha256:2ab3cef23185c40e15e90168e885a5d8931c6e0ecd23f89492d9091afe4da72e
        sourceBlobDigest: sha256:c48818a17b363712a62cc5e36940243f6e9525d4dcb68aab61493540ad78da25
        codeSamplesNamespace: conduct-an-audit-java-code-samples
        codeSamplesRevisionDigest: sha256:4d78ceb9bba196d4bcefbfb29df4c2183afd48f56f5c3b7d40a881e0c8e01a53
workflow:
    workflowVersion: 1.0.0
    speakeasyVersion: latest
    sources:
        Conduct an audit:
            inputs:
                - location: https://vanta.mintlify.app/reference/auditor-api.json
            overlays:
                - location: .speakeasy/speakeasy-modifications-overlay.yaml
            registry:
                location: registry.speakeasyapi.dev/vanta/vanta/conduct-an-audit
    targets:
        vanta:
            target: java
            source: Conduct an audit
            publish:
                java:
                    ossrhUsername: $ossrh_username
                    ossrhPassword: $ossrh_password
                    gpgSecretKey: $java_gpg_secret_key
                    gpgPassPhrase: $java_gpg_passphrase
            codeSamples:
                registry:
                    location: registry.speakeasyapi.dev/vanta/vanta/conduct-an-audit-java-code-samples
                blocking: false
